
Microsoft Visual Studio Solution File, Format Version 12.00
# Visual Studio Version 17
VisualStudioVersion = 17.14.36109.1
MinimumVisualStudioVersion = 10.0.40219.1
Project("{FAE04EC0-301F-11D3-BF4B-00C04F79EFBC}") = "Magma", "Sec3\Magma.csproj", "{97F8DB1E-0AEC-41FC-8D64-DB96E2760556}"
EndProject
Global
	GlobalSection(SolutionConfigurationPlatforms) = preSolution
		Debug|Any CPU = Debug|Any CPU
		Release|Any CPU = Release|Any CPU
	EndGlobalSection
	GlobalSection(ProjectConfigurationPlatforms) = postSolution
		{97F8DB1E-0AEC-41FC-8D64-DB96E2760556}.Debug|Any CPU.ActiveCfg = Debug|Any CPU
		{97F8DB1E-0AEC-41FC-8D64-DB96E2760556}.Debug|Any CPU.Build.0 = Debug|Any CPU
		{97F8DB1E-0AEC-41FC-8D64-DB96E2760556}.Release|Any CPU.ActiveCfg = Release|Any CPU
		{97F8DB1E-0AEC-41FC-8D64-DB96E2760556}.Release|Any CPU.Build.0 = Release|Any CPU
	EndGlobalSection
	GlobalSection(SolutionProperties) = preSolution
		HideSolutionNode = FALSE
	EndGlobalSection
	GlobalSection(ExtensibilityGlobals) = postSolution
		SolutionGuid = {34450C4E-5E2E-4992-9BE5-B574F7F02253}
	EndGlobalSection
EndGlobal
